// !$*UTF8*$!
{
	archiveVersion = 1;
	classes = {
	};
	objectVersion = 55;
	objects = {

/* Begin PBXBuildFile section */
		27A024CD2918E52400E579FF /* AppDelegate.swift in Sources */ = {isa = PBXBuildFile; fileRef = 27A024CC2918E52400E579FF /* AppDelegate.swift */; };
		27A024CF2918E52400E579FF /* SceneDelegate.swift in Sources */ = {isa = PBXBuildFile; fileRef = 27A024CE2918E52400E579FF /* SceneDelegate.swift */; };
		27A024D12918E52400E579FF /* ViewController.swift in Sources */ = {isa = PBXBuildFile; fileRef = 27A024D02918E52400E579FF /* ViewController.swift */; };
		27A024D42918E52400E579FF /* Main.storyboard in Resources */ = {isa = PBXBuildFile; fileRef = 27A024D22918E52400E579FF /* Main.storyboard */; };
		27A024D62918E52500E579FF /* Assets.xcassets in Resources */ = {isa = PBXBuildFile; fileRef = 27A024D52918E52500E579FF /* Assets.xcassets */; };
		27A024D92918E52500E579FF /* LaunchScreen.storyboard in Resources */ = {isa = PBXBuildFile; fileRef = 27A024D72918E52500E579FF /* LaunchScreen.storyboard */; };
		27A024EE2918E52500E579FF /* PhotoAppUITests.swift in Sources */ = {isa = PBXBuildFile; fileRef = 27A024ED2918E52500E579FF /* PhotoAppUITests.swift */; };
		27A024F02918E52500E579FF /* PhotoAppUITestsLaunchTests.swift in Sources */ = {isa = PBXBuildFile; fileRef = 27A024EF2918E52500E579FF /* PhotoAppUITestsLaunchTests.swift */; };
		27A025062918E69A00E579FF /* Coordinator.swift in Sources */ = {isa = PBXBuildFile; fileRef = 27A025052918E69A00E579FF /* Coordinator.swift */; };
		27A025092918E70D00E579FF /* DefaultDependencies.swift in Sources */ = {isa = PBXBuildFile; fileRef = 27A025082918E70D00E579FF /* DefaultDependencies.swift */; };
		27A0250B2918E72500E579FF /* DependenciesContext.swift in Sources */ = {isa = PBXBuildFile; fileRef = 27A0250A2918E72500E579FF /* DependenciesContext.swift */; };
		27A0250D2918E78900E579FF /* DependenciesProtocol.swift in Sources */ = {isa = PBXBuildFile; fileRef = 27A0250C2918E78900E579FF /* DependenciesProtocol.swift */; };
		27A0250F2918E82200E579FF /* AppFlowCoordinator.swift in Sources */ = {isa = PBXBuildFile; fileRef = 27A0250E2918E82200E579FF /* AppFlowCoordinator.swift */; };
		27A025132918EBB800E579FF /* SessionManagerStore.swift in Sources */ = {isa = PBXBuildFile; fileRef = 27A025122918EBB800E579FF /* SessionManagerStore.swift */; };
		27A025162918EBE300E579FF /* Endpoint.swift in Sources */ = {isa = PBXBuildFile; fileRef = 27A025152918EBE300E579FF /* Endpoint.swift */; };
		27A025182918EC0900E579FF /* NetworkError.swift in Sources */ = {isa = PBXBuildFile; fileRef = 27A025172918EC0900E579FF /* NetworkError.swift */; };
		27A0251C2918EC3A00E579FF /* EndpointProvider.swift in Sources */ = {isa = PBXBuildFile; fileRef = 27A0251B2918EC3A00E579FF /* EndpointProvider.swift */; };
		27A0251E2918EC4E00E579FF /* Network.swift in Sources */ = {isa = PBXBuildFile; fileRef = 27A0251D2918EC4E00E579FF /* Network.swift */; };
		27A025212918EDCC00E579FF /* DummyPhoto.swift in Sources */ = {isa = PBXBuildFile; fileRef = 27A025202918EDCC00E579FF /* DummyPhoto.swift */; };
		27A025252918F02400E579FF /* DummyPhotoListEndpoint.swift in Sources */ = {isa = PBXBuildFile; fileRef = 27A025242918F02400E579FF /* DummyPhotoListEndpoint.swift */; };
		27A0252A2918F06B00E579FF /* DummyPhotoDTO.swift in Sources */ = {isa = PBXBuildFile; fileRef = 27A025292918F06B00E579FF /* DummyPhotoDTO.swift */; };
		27A0252D2918F23A00E579FF /* DummyPhotoRepository.swift in Sources */ = {isa = PBXBuildFile; fileRef = 27A0252C2918F23A00E579FF /* DummyPhotoRepository.swift */; };
		27A025312918F3B500E579FF /* TestDependencies.swift in Sources */ = {isa = PBXBuildFile; fileRef = 27A025302918F3B500E579FF /* TestDependencies.swift */; };
		27A025342918F3CC00E579FF /* MockNetworkLayer.swift in Sources */ = {isa = PBXBuildFile; fileRef = 27A025332918F3CC00E579FF /* MockNetworkLayer.swift */; };
		27A025392918F44B00E579FF /* photolist.json in Resources */ = {isa = PBXBuildFile; fileRef = 27A025382918F44B00E579FF /* photolist.json */; };
		27A0253D2918F4C300E579FF /* DummyPhotoRepository.swift in Sources */ = {isa = PBXBuildFile; fileRef = 27A0253C2918F4C300E579FF /* DummyPhotoRepository.swift */; };
		27A0253F2918F6A100E579FF /* DummyPhotoByIdEndpoint.swift in Sources */ = {isa = PBXBuildFile; fileRef = 27A0253E2918F6A100E579FF /* DummyPhotoByIdEndpoint.swift */; };
		27A025412918F88B00E579FF /* photo_by_id.json in Resources */ = {isa = PBXBuildFile; fileRef = 27A025402918F88B00E579FF /* photo_by_id.json */; };
		27A025472918F9F900E579FF /* NibLoadableView.swift in Sources */ = {isa = PBXBuildFile; fileRef = 27A025462918F9F900E579FF /* NibLoadableView.swift */; };
		27A025492918FA0200E579FF /* ReusableView.swift in Sources */ = {isa = PBXBuildFile; fileRef = 27A025482918FA0200E579FF /* ReusableView.swift */; };
		27A0254B2918FA5B00E579FF /* UITableView+Reusable.swift in Sources */ = {isa = PBXBuildFile; fileRef = 27A0254A2918FA5B00E579FF /* UITableView+Reusable.swift */; };
		27A0254F2918FA9600E579FF /* DummyPhotosListViewController.swift in Sources */ = {isa = PBXBuildFile; fileRef = 27A0254D2918FA9600E579FF /* DummyPhotosListViewController.swift */; };
		27A025502918FA9600E579FF /* DummyPhotosListViewController.xib in Resources */ = {isa = PBXBuildFile; fileRef = 27A0254E2918FA9600E579FF /* DummyPhotosListViewController.xib */; };
		27A025552918FB1E00E579FF /* DummyPhotosListViewModel.swift in Sources */ = {isa = PBXBuildFile; fileRef = 27A025542918FB1E00E579FF /* DummyPhotosListViewModel.swift */; };
		27A025582918FF1200E579FF /* DummyPhotoListCell.swift in Sources */ = {isa = PBXBuildFile; fileRef = 27A025562918FF1200E579FF /* DummyPhotoListCell.swift */; };
		27A025592918FF1200E579FF /* DummyPhotoListCell.xib in Resources */ = {isa = PBXBuildFile; fileRef = 27A025572918FF1200E579FF /* DummyPhotoListCell.xib */; };
		27A0255B2919010C00E579FF /* UIImageView+Download.swift in Sources */ = {isa = PBXBuildFile; fileRef = 27A0255A2919010C00E579FF /* UIImageView+Download.swift */; };
		27A0255E29190DC100E579FF /* DummyPhotosListCoordinator.swift in Sources */ = {isa = PBXBuildFile; fileRef = 27A0255D29190DC100E579FF /* DummyPhotosListCoordinator.swift */; };
		27A0256029190E4800E579FF /* BaseCoordinator.swift in Sources */ = {isa = PBXBuildFile; fileRef = 27A0255F29190E4800E579FF /* BaseCoordinator.swift */; };
/* End PBXBuildFile section */

/* Begin PBXContainerItemProxy section */
		27A024E02918E52500E579FF /* PBXContainerItemProxy */ = {
			isa = PBXContainerItemProxy;
			containerPortal = 27A024C12918E52400E579FF /* Project object */;
			proxyType = 1;
			remoteGlobalIDString = 27A024C82918E52400E579FF;
			remoteInfo = PhotoApp;
		};
		27A024EA2918E52500E579FF /* PBXContainerItemProxy */ = {
			isa = PBXContainerItemProxy;
			containerPortal = 27A024C12918E52400E579FF /* Project object */;
			proxyType = 1;
			remoteGlobalIDString = 27A024C82918E52400E579FF;
			remoteInfo = PhotoApp;
		};
/* End PBXContainerItemProxy section */

/* Begin PBXFileReference section */
		27A024C92918E52400E579FF /* PhotoApp.app */ = {isa = PBXFileReference; explicitFileType = wrapper.application; includeInIndex = 0; path = PhotoApp.app; sourceTree = BUILT_PRODUCTS_DIR; };
		27A024CC2918E52400E579FF /* AppDelegate.swift */ = {isa = PBXFileReference; lastKnownFileType = sourcecode.swift; path = AppDelegate.swift; sourceTree = "<group>"; };
		27A024CE2918E52400E579FF /* SceneDelegate.swift */ = {isa = PBXFileReference; lastKnownFileType = sourcecode.swift; path = SceneDelegate.swift; sourceTree = "<group>"; };
		27A024D02918E52400E579FF /* ViewController.swift */ = {isa = PBXFileReference; lastKnownFileType = sourcecode.swift; path = ViewController.swift; sourceTree = "<group>"; };
		27A024D32918E52400E579FF /* Base */ = {isa = PBXFileReference; lastKnownFileType = file.storyboard; name = Base; path = Base.lproj/Main.storyboard; sourceTree = "<group>"; };
		27A024D52918E52500E579FF /* Assets.xcassets */ = {isa = PBXFileReference; lastKnownFileType = folder.assetcatalog; path = Assets.xcassets; sourceTree = "<group>"; };
		27A024D82918E52500E579FF /* Base */ = {isa = PBXFileReference; lastKnownFileType = file.storyboard; name = Base; path = Base.lproj/LaunchScreen.storyboard; sourceTree = "<group>"; };
		27A024DA2918E52500E579FF /* Info.plist */ = {isa = PBXFileReference; lastKnownFileType = text.plist.xml; path = Info.plist; sourceTree = "<group>"; };
		27A024DF2918E52500E579FF /* PhotoAppTests.xctest */ = {isa = PBXFileReference; explicitFileType = wrapper.cfbundle; includeInIndex = 0; path = PhotoAppTests.xctest; sourceTree = BUILT_PRODUCTS_DIR; };
		27A024E92918E52500E579FF /* PhotoAppUITests.xctest */ = {isa = PBXFileReference; explicitFileType = wrapper.cfbundle; includeInIndex = 0; path = PhotoAppUITests.xctest; sourceTree = BUILT_PRODUCTS_DIR; };
		27A024ED2918E52500E579FF /* PhotoAppUITests.swift */ = {isa = PBXFileReference; lastKnownFileType = sourcecode.swift; path = PhotoAppUITests.swift; sourceTree = "<group>"; };
		27A024EF2918E52500E579FF /* PhotoAppUITestsLaunchTests.swift */ = {isa = PBXFileReference; lastKnownFileType = sourcecode.swift; path = PhotoAppUITestsLaunchTests.swift; sourceTree = "<group>"; };
		27A025052918E69A00E579FF /* Coordinator.swift */ = {isa = PBXFileReference; lastKnownFileType = sourcecode.swift; path = Coordinator.swift; sourceTree = "<group>"; };
		27A025082918E70D00E579FF /* DefaultDependencies.swift */ = {isa = PBXFileReference; lastKnownFileType = sourcecode.swift; path = DefaultDependencies.swift; sourceTree = "<group>"; };
		27A0250A2918E72500E579FF /* DependenciesContext.swift */ = {isa = PBXFileReference; lastKnownFileType = sourcecode.swift; path = DependenciesContext.swift; sourceTree = "<group>"; };
		27A0250C2918E78900E579FF /* DependenciesProtocol.swift */ = {isa = PBXFileReference; lastKnownFileType = sourcecode.swift; path = DependenciesProtocol.swift; sourceTree = "<group>"; };
		27A0250E2918E82200E579FF /* AppFlowCoordinator.swift */ = {isa = PBXFileReference; lastKnownFileType = sourcecode.swift; path = AppFlowCoordinator.swift; sourceTree = "<group>"; };
		27A025122918EBB800E579FF /* SessionManagerStore.swift */ = {isa = PBXFileReference; lastKnownFileType = sourcecode.swift; path = SessionManagerStore.swift; sourceTree = "<group>"; };
		27A025152918EBE300E579FF /* Endpoint.swift */ = {isa = PBXFileReference; lastKnownFileType = sourcecode.swift; path = Endpoint.swift; sourceTree = "<group>"; };
		27A025172918EC0900E579FF /* NetworkError.swift */ = {isa = PBXFileReference; lastKnownFileType = sourcecode.swift; path = NetworkError.swift; sourceTree = "<group>"; };
		27A0251B2918EC3A00E579FF /* EndpointProvider.swift */ = {isa = PBXFileReference; lastKnownFileType = sourcecode.swift; path = EndpointProvider.swift; sourceTree = "<group>"; };
		27A0251D2918EC4E00E579FF /* Network.swift */ = {isa = PBXFileReference; lastKnownFileType = sourcecode.swift; path = Network.swift; sourceTree = "<group>"; };
		27A025202918EDCC00E579FF /* DummyPhoto.swift */ = {isa = PBXFileReference; lastKnownFileType = sourcecode.swift; path = DummyPhoto.swift; sourceTree = "<group>"; };
		27A025242918F02400E579FF /* DummyPhotoListEndpoint.swift */ = {isa = PBXFileReference; lastKnownFileType = sourcecode.swift; path = DummyPhotoListEndpoint.swift; sourceTree = "<group>"; };
		27A025292918F06B00E579FF /* DummyPhotoDTO.swift */ = {isa = PBXFileReference; lastKnownFileType = sourcecode.swift; path = DummyPhotoDTO.swift; sourceTree = "<group>"; };
		27A0252C2918F23A00E579FF /* DummyPhotoRepository.swift */ = {isa = PBXFileReference; lastKnownFileType = sourcecode.swift; path = DummyPhotoRepository.swift; sourceTree = "<group>"; };
		27A025302918F3B500E579FF /* TestDependencies.swift */ = {isa = PBXFileReference; lastKnownFileType = sourcecode.swift; path = TestDependencies.swift; sourceTree = "<group>"; };
		27A025332918F3CC00E579FF /* MockNetworkLayer.swift */ = {isa = PBXFileReference; lastKnownFileType = sourcecode.swift; path = MockNetworkLayer.swift; sourceTree = "<group>"; };
		27A025382918F44B00E579FF /* photolist.json */ = {isa = PBXFileReference; fileEncoding = 4; lastKnownFileType = text.json; path = photolist.json; sourceTree = "<group>"; };
		27A0253C2918F4C300E579FF /* DummyPhotoRepository.swift */ = {isa = PBXFileReference; lastKnownFileType = sourcecode.swift; path = DummyPhotoRepository.swift; sourceTree = "<group>"; };
		27A0253E2918F6A100E579FF /* DummyPhotoByIdEndpoint.swift */ = {isa = PBXFileReference; lastKnownFileType = sourcecode.swift; path = DummyPhotoByIdEndpoint.swift; sourceTree = "<group>"; };
		27A025402918F88B00E579FF /* photo_by_id.json */ = {isa = PBXFileReference; fileEncoding = 4; lastKnownFileType = text.json; path = photo_by_id.json; sourceTree = "<group>"; };
		27A025462918F9F900E579FF /* NibLoadableView.swift */ = {isa = PBXFileReference; lastKnownFileType = sourcecode.swift; path = NibLoadableView.swift; sourceTree = "<group>"; };
		27A025482918FA0200E579FF /* ReusableView.swift */ = {isa = PBXFileReference; lastKnownFileType = sourcecode.swift; path = ReusableView.swift; sourceTree = "<group>"; };
		27A0254A2918FA5B00E579FF /* UITableView+Reusable.swift */ = {isa = PBXFileReference; lastKnownFileType = sourcecode.swift; path = "UITableView+Reusable.swift"; sourceTree = "<group>"; };
		27A0254D2918FA9600E579FF /* DummyPhotosListViewController.swift */ = {isa = PBXFileReference; lastKnownFileType = sourcecode.swift; path = DummyPhotosListViewController.swift; sourceTree = "<group>"; };
		27A0254E2918FA9600E579FF /* DummyPhotosListViewController.xib */ = {isa = PBXFileReference; lastKnownFileType = file.xib; path = DummyPhotosListViewController.xib; sourceTree = "<group>"; };
		27A025542918FB1E00E579FF /* DummyPhotosListViewModel.swift */ = {isa = PBXFileReference; lastKnownFileType = sourcecode.swift; path = DummyPhotosListViewModel.swift; sourceTree = "<group>"; };
		27A025562918FF1200E579FF /* DummyPhotoListCell.swift */ = {isa = PBXFileReference; lastKnownFileType = sourcecode.swift; path = DummyPhotoListCell.swift; sourceTree = "<group>"; };
		27A025572918FF1200E579FF /* DummyPhotoListCell.xib */ = {isa = PBXFileReference; lastKnownFileType = file.xib; path = DummyPhotoListCell.xib; sourceTree = "<group>"; };
		27A0255A2919010C00E579FF /* UIImageView+Download.swift */ = {isa = PBXFileReference; lastKnownFileType = sourcecode.swift; path = "UIImageView+Download.swift"; sourceTree = "<group>"; };
		27A0255D29190DC100E579FF /* DummyPhotosListCoordinator.swift */ = {isa = PBXFileReference; lastKnownFileType = sourcecode.swift; path = DummyPhotosListCoordinator.swift; sourceTree = "<group>"; };
		27A0255F29190E4800E579FF /* BaseCoordinator.swift */ = {isa = PBXFileReference; lastKnownFileType = sourcecode.swift; path = BaseCoordinator.swift; sourceTree = "<group>"; };
/* End PBXFileReference section */

/* Begin PBXFrameworksBuildPhase section */
		27A024C62918E52400E579FF /* Frameworks */ = {
			isa = PBXFrameworksBuildPhase;
			buildActionMask = 2147483647;
			files = (
			);
			runOnlyForDeploymentPostprocessing = 0;
		};
		27A024DC2918E52500E579FF /* Frameworks */ = {
			isa = PBXFrameworksBuildPhase;
			buildActionMask = 2147483647;
			files = (
			);
			runOnlyForDeploymentPostprocessing = 0;
		};
		27A024E62918E52500E579FF /* Frameworks */ = {
			isa = PBXFrameworksBuildPhase;
			buildActionMask = 2147483647;
			files = (
			);
			runOnlyForDeploymentPostprocessing = 0;
		};
/* End PBXFrameworksBuildPhase section */

/* Begin PBXGroup section */
		27A024C02918E52400E579FF = {
			isa = PBXGroup;
			children = (
				27A024CB2918E52400E579FF /* PhotoApp */,
				27A024E22918E52500E579FF /* PhotoAppTests */,
				27A024EC2918E52500E579FF /* PhotoAppUITests */,
				27A024CA2918E52400E579FF /* Products */,
			);
			sourceTree = "<group>";
		};
		27A024CA2918E52400E579FF /* Products */ = {
			isa = PBXGroup;
			children = (
				27A024C92918E52400E579FF /* PhotoApp.app */,
				27A024DF2918E52500E579FF /* PhotoAppTests.xctest */,
				27A024E92918E52500E579FF /* PhotoAppUITests.xctest */,
			);
			name = Products;
			sourceTree = "<group>";
		};
		27A024CB2918E52400E579FF /* PhotoApp */ = {
			isa = PBXGroup;
			children = (
				27A025032918E5DC00E579FF /* Application */,
				27A025022918E5D700E579FF /* Common */,
				27A025012918E5D000E579FF /* Data */,
				27A024FF2918E5C600E579FF /* Domain */,
				27A024FE2918E5BE00E579FF /* Infrastructure */,
				27A024FD2918E5B800E579FF /* Presentation */,
				27A024FC2918E5B300E579FF /* Resources */,
				27A024D02918E52400E579FF /* ViewController.swift */,
				27A024D22918E52400E579FF /* Main.storyboard */,
			);
			path = PhotoApp;
			sourceTree = "<group>";
		};
		27A024E22918E52500E579FF /* PhotoAppTests */ = {
			isa = PBXGroup;
			children = (
				27A0253A2918F4AF00E579FF /* Data */,
				27A025352918F40C00E579FF /* Resources */,
				27A0252F2918F3AA00E579FF /* Dependencies */,
				27A0252E2918F3A200E579FF /* Infrasturcture */,
			);
			path = PhotoAppTests;
			sourceTree = "<group>";
		};
		27A024EC2918E52500E579FF /* PhotoAppUITests */ = {
			isa = PBXGroup;
			children = (
				27A024ED2918E52500E579FF /* PhotoAppUITests.swift */,
				27A024EF2918E52500E579FF /* PhotoAppUITestsLaunchTests.swift */,
			);
			path = PhotoAppUITests;
			sourceTree = "<group>";
		};
		27A024FC2918E5B300E579FF /* Resources */ = {
			isa = PBXGroup;
			children = (
				27A024D52918E52500E579FF /* Assets.xcassets */,
				27A024D72918E52500E579FF /* LaunchScreen.storyboard */,
				27A024DA2918E52500E579FF /* Info.plist */,
			);
			path = Resources;
			sourceTree = "<group>";
		};
		27A024FD2918E5B800E579FF /* Presentation */ = {
			isa = PBXGroup;
			children = (
				27A0254C2918FA6A00E579FF /* DummyPhoto List */,
				27A025422918F9C400E579FF /* Utils */,
			);
			path = Presentation;
			sourceTree = "<group>";
		};
		27A024FE2918E5BE00E579FF /* Infrastructure */ = {
			isa = PBXGroup;
			children = (
				27A025102918EB8E00E579FF /* Networking */,
			);
			path = Infrastructure;
			sourceTree = "<group>";
		};
		27A024FF2918E5C600E579FF /* Domain */ = {
			isa = PBXGroup;
			children = (
				27A0251F2918ED9D00E579FF /* Entities */,
			);
			path = Domain;
			sourceTree = "<group>";
		};
		27A025012918E5D000E579FF /* Data */ = {
			isa = PBXGroup;
			children = (
				27A0252B2918F20A00E579FF /* Repositories */,
				27A025222918EFF500E579FF /* Network */,
			);
			path = Data;
			sourceTree = "<group>";
		};
		27A025022918E5D700E579FF /* Common */ = {
			isa = PBXGroup;
			children = (
				27A025072918E6D900E579FF /* Dependencies */,
				27A025042918E69000E579FF /* Contracts */,
			);
			path = Common;
			sourceTree = "<group>";
		};
		27A025032918E5DC00E579FF /* Application */ = {
			isa = PBXGroup;
			children = (
				27A024CC2918E52400E579FF /* AppDelegate.swift */,
				27A024CE2918E52400E579FF /* SceneDelegate.swift */,
				27A0250E2918E82200E579FF /* AppFlowCoordinator.swift */,
			);
			path = Application;
			sourceTree = "<group>";
		};
		27A025042918E69000E579FF /* Contracts */ = {
			isa = PBXGroup;
			children = (
				27A025052918E69A00E579FF /* Coordinator.swift */,
				27A0255F29190E4800E579FF /* BaseCoordinator.swift */,
			);
			path = Contracts;
			sourceTree = "<group>";
		};
		27A025072918E6D900E579FF /* Dependencies */ = {
			isa = PBXGroup;
			children = (
				27A025082918E70D00E579FF /* DefaultDependencies.swift */,
				27A0250A2918E72500E579FF /* DependenciesContext.swift */,
				27A0250C2918E78900E579FF /* DependenciesProtocol.swift */,
			);
			path = Dependencies;
			sourceTree = "<group>";
		};
		27A025102918EB8E00E579FF /* Networking */ = {
			isa = PBXGroup;
			children = (
				27A0251A2918EC2D00E579FF /* Contracts */,
				27A025142918EBD100E579FF /* Model */,
				27A025112918EB9600E579FF /* Services */,
				27A0251D2918EC4E00E579FF /* Network.swift */,
			);
			path = Networking;
			sourceTree = "<group>";
		};
		27A025112918EB9600E579FF /* Services */ = {
			isa = PBXGroup;
			children = (
				27A025122918EBB800E579FF /* SessionManagerStore.swift */,
			);
			path = Services;
			sourceTree = "<group>";
		};
		27A025142918EBD100E579FF /* Model */ = {
			isa = PBXGroup;
			children = (
				27A025152918EBE300E579FF /* Endpoint.swift */,
				27A025172918EC0900E579FF /* NetworkError.swift */,
			);
			path = Model;
			sourceTree = "<group>";
		};
		27A0251A2918EC2D00E579FF /* Contracts */ = {
			isa = PBXGroup;
			children = (
				27A0251B2918EC3A00E579FF /* EndpointProvider.swift */,
			);
			path = Contracts;
			sourceTree = "<group>";
		};
		27A0251F2918ED9D00E579FF /* Entities */ = {
			isa = PBXGroup;
			children = (
				27A025202918EDCC00E579FF /* DummyPhoto.swift */,
			);
			path = Entities;
			sourceTree = "<group>";
		};
		27A025222918EFF500E579FF /* Network */ = {
			isa = PBXGroup;
			children = (
				27A025282918F05B00E579FF /* DTO */,
				27A025232918F00100E579FF /* Dummy Photos */,
			);
			path = Network;
			sourceTree = "<group>";
		};
		27A025232918F00100E579FF /* Dummy Photos */ = {
			isa = PBXGroup;
			children = (
				27A025242918F02400E579FF /* DummyPhotoListEndpoint.swift */,
				27A0253E2918F6A100E579FF /* DummyPhotoByIdEndpoint.swift */,
			);
			path = "Dummy Photos";
			sourceTree = "<group>";
		};
		27A025282918F05B00E579FF /* DTO */ = {
			isa = PBXGroup;
			children = (
				27A025292918F06B00E579FF /* DummyPhotoDTO.swift */,
			);
			path = DTO;
			sourceTree = "<group>";
		};
		27A0252B2918F20A00E579FF /* Repositories */ = {
			isa = PBXGroup;
			children = (
				27A0252C2918F23A00E579FF /* DummyPhotoRepository.swift */,
			);
			path = Repositories;
			sourceTree = "<group>";
		};
		27A0252E2918F3A200E579FF /* Infrasturcture */ = {
			isa = PBXGroup;
			children = (
				27A025322918F3C000E579FF /* Networking */,
			);
			path = Infrasturcture;
			sourceTree = "<group>";
		};
		27A0252F2918F3AA00E579FF /* Dependencies */ = {
			isa = PBXGroup;
			children = (
				27A025302918F3B500E579FF /* TestDependencies.swift */,
			);
			path = Dependencies;
			sourceTree = "<group>";
		};
		27A025322918F3C000E579FF /* Networking */ = {
			isa = PBXGroup;
			children = (
				27A025332918F3CC00E579FF /* MockNetworkLayer.swift */,
			);
			path = Networking;
			sourceTree = "<group>";
		};
		27A025352918F40C00E579FF /* Resources */ = {
			isa = PBXGroup;
			children = (
				27A025402918F88B00E579FF /* photo_by_id.json */,
				27A025382918F44B00E579FF /* photolist.json */,
			);
			path = Resources;
			sourceTree = "<group>";
		};
		27A0253A2918F4AF00E579FF /* Data */ = {
			isa = PBXGroup;
			children = (
				27A0253B2918F4B500E579FF /* Repositories */,
			);
			path = Data;
			sourceTree = "<group>";
		};
		27A0253B2918F4B500E579FF /* Repositories */ = {
			isa = PBXGroup;
			children = (
				27A0253C2918F4C300E579FF /* DummyPhotoRepository.swift */,
			);
			path = Repositories;
			sourceTree = "<group>";
		};
		27A025422918F9C400E579FF /* Utils */ = {
			isa = PBXGroup;
			children = (
				27A025442918F9DB00E579FF /* Protocols */,
				27A025432918F9D200E579FF /* Extensions */,
			);
			path = Utils;
			sourceTree = "<group>";
		};
		27A025432918F9D200E579FF /* Extensions */ = {
			isa = PBXGroup;
			children = (
				27A0254A2918FA5B00E579FF /* UITableView+Reusable.swift */,
				27A0255A2919010C00E579FF /* UIImageView+Download.swift */,
			);
			path = Extensions;
			sourceTree = "<group>";
		};
		27A025442918F9DB00E579FF /* Protocols */ = {
			isa = PBXGroup;
			children = (
				27A025462918F9F900E579FF /* NibLoadableView.swift */,
				27A025482918FA0200E579FF /* ReusableView.swift */,
			);
			path = Protocols;
			sourceTree = "<group>";
		};
		27A0254C2918FA6A00E579FF /* DummyPhoto List */ = {
			isa = PBXGroup;
			children = (
				27A0255C291908BC00E579FF /* Coordinator */,
				27A025532918FAFD00E579FF /* ViewModel */,
				27A025522918FAF800E579FF /* Cells */,
				27A025512918FAED00E579FF /* Controller */,
			);
			path = "DummyPhoto List";
			sourceTree = "<group>";
		};
		27A025512918FAED00E579FF /* Controller */ = {
			isa = PBXGroup;
			children = (
				27A0254D2918FA9600E579FF /* DummyPhotosListViewController.swift */,
				27A0254E2918FA9600E579FF /* DummyPhotosListViewController.xib */,
			);
			path = Controller;
			sourceTree = "<group>";
		};
		27A025522918FAF800E579FF /* Cells */ = {
			isa = PBXGroup;
			children = (
				27A025562918FF1200E579FF /* DummyPhotoListCell.swift */,
				27A025572918FF1200E579FF /* DummyPhotoListCell.xib */,
			);
			path = Cells;
			sourceTree = "<group>";
		};
		27A025532918FAFD00E579FF /* ViewModel */ = {
			isa = PBXGroup;
			children = (
				27A025542918FB1E00E579FF /* DummyPhotosListViewModel.swift */,
			);
			path = ViewModel;
			sourceTree = "<group>";
		};
		27A0255C291908BC00E579FF /* Coordinator */ = {
			isa = PBXGroup;
			children = (
				27A0255D29190DC100E579FF /* DummyPhotosListCoordinator.swift */,
			);
			path = Coordinator;
			sourceTree = "<group>";
		};
/* End PBXGroup section */

/* Begin PBXNativeTarget section */
		27A024C82918E52400E579FF /* PhotoApp */ = {
			isa = PBXNativeTarget;
			buildConfigurationList = 27A024F32918E52500E579FF /* Build configuration list for PBXNativeTarget "PhotoApp" */;
			buildPhases = (
				27A024C52918E52400E579FF /* Sources */,
				27A024C62918E52400E579FF /* Frameworks */,
				27A024C72918E52400E579FF /* Resources */,
			);
			buildRules = (
			);
			dependencies = (
			);
			name = PhotoApp;
			productName = PhotoApp;
			productReference = 27A024C92918E52400E579FF /* PhotoApp.app */;
			productType = "com.apple.product-type.application";
		};
		27A024DE2918E52500E579FF /* PhotoAppTests */ = {
			isa = PBXNativeTarget;
			buildConfigurationList = 27A024F62918E52500E579FF /* Build configuration list for PBXNativeTarget "PhotoAppTests" */;
			buildPhases = (
				27A024DB2918E52500E579FF /* Sources */,
				27A024DC2918E52500E579FF /* Frameworks */,
				27A024DD2918E52500E579FF /* Resources */,
			);
			buildRules = (
			);
			dependencies = (
				27A024E12918E52500E579FF /* PBXTargetDependency */,
			);
			name = PhotoAppTests;
			productName = PhotoAppTests;
			productReference = 27A024DF2918E52500E579FF /* PhotoAppTests.xctest */;
			productType = "com.apple.product-type.bundle.unit-test";
		};
		27A024E82918E52500E579FF /* PhotoAppUITests */ = {
			isa = PBXNativeTarget;
			buildConfigurationList = 27A024F92918E52500E579FF /* Build configuration list for PBXNativeTarget "PhotoAppUITests" */;
			buildPhases = (
				27A024E52918E52500E579FF /* Sources */,
				27A024E62918E52500E579FF /* Frameworks */,
				27A024E72918E52500E579FF /* Resources */,
			);
			buildRules = (
			);
			dependencies = (
				27A024EB2918E52500E579FF /* PBXTargetDependency */,
			);
			name = PhotoAppUITests;
			productName = PhotoAppUITests;
			productReference = 27A024E92918E52500E579FF /* PhotoAppUITests.xctest */;
			productType = "com.apple.product-type.bundle.ui-testing";
		};
/* End PBXNativeTarget section */

/* Begin PBXProject section */
		27A024C12918E52400E579FF /* Project object */ = {
			isa = PBXProject;
			attributes = {
				BuildIndependentTargetsInParallel = 1;
				LastSwiftUpdateCheck = 1330;
				LastUpgradeCheck = 1330;
				TargetAttributes = {
					27A024C82918E52400E579FF = {
						CreatedOnToolsVersion = 13.3.1;
					};
					27A024DE2918E52500E579FF = {
						CreatedOnToolsVersion = 13.3.1;
						TestTargetID = 27A024C82918E52400E579FF;
					};
					27A024E82918E52500E579FF = {
						CreatedOnToolsVersion = 13.3.1;
						TestTargetID = 27A024C82918E52400E579FF;
					};
				};
			};
			buildConfigurationList = 27A024C42918E52400E579FF /* Build configuration list for PBXProject "PhotoApp" */;
			compatibilityVersion = "Xcode 13.0";
			developmentRegion = en;
			hasScannedForEncodings = 0;
			knownRegions = (
				en,
				Base,
			);
			mainGroup = 27A024C02918E52400E579FF;
			productRefGroup = 27A024CA2918E52400E579FF /* Products */;
			projectDirPath = "";
			projectRoot = "";
			targets = (
				27A024C82918E52400E579FF /* PhotoApp */,
				27A024DE2918E52500E579FF /* PhotoAppTests */,
				27A024E82918E52500E579FF /* PhotoAppUITests */,
			);
		};
/* End PBXProject section */

/* Begin PBXResourcesBuildPhase section */
		27A024C72918E52400E579FF /* Resources */ = {
			isa = PBXResourcesBuildPhase;
			buildActionMask = 2147483647;
			files = (
				27A024D92918E52500E579FF /* LaunchScreen.storyboard in Resources */,
				27A024D62918E52500E579FF /* Assets.xcassets in Resources */,
				27A025502918FA9600E579FF /* DummyPhotosListViewController.xib in Resources */,
				27A025592918FF1200E579FF /* DummyPhotoListCell.xib in Resources */,
				27A024D42918E52400E579FF /* Main.storyboard in Resources */,
			);
			runOnlyForDeploymentPostprocessing = 0;
		};
		27A024DD2918E52500E579FF /* Resources */ = {
			isa = PBXResourcesBuildPhase;
			buildActionMask = 2147483647;
			files = (
				27A025412918F88B00E579FF /* photo_by_id.json in Resources */,
				27A025392918F44B00E579FF /* photolist.json in Resources */,
			);
			runOnlyForDeploymentPostprocessing = 0;
		};
		27A024E72918E52500E579FF /* Resources */ = {
			isa = PBXResourcesBuildPhase;
			buildActionMask = 2147483647;
			files = (
			);
			runOnlyForDeploymentPostprocessing = 0;
		};
/* End PBXResourcesBuildPhase section */

/* Begin PBXSourcesBuildPhase section */
		27A024C52918E52400E579FF /* Sources */ = {
			isa = PBXSourcesBuildPhase;
			buildActionMask = 2147483647;
			files = (
				27A0254F2918FA9600E579FF /* DummyPhotosListViewController.swift in Sources */,
				27A0251E2918EC4E00E579FF /* Network.swift in Sources */,
				27A025212918EDCC00E579FF /* DummyPhoto.swift in Sources */,
				27A0250F2918E82200E579FF /* AppFlowCoordinator.swift in Sources */,
				27A0251C2918EC3A00E579FF /* EndpointProvider.swift in Sources */,
				27A0253F2918F6A100E579FF /* DummyPhotoByIdEndpoint.swift in Sources */,
				27A025132918EBB800E579FF /* SessionManagerStore.swift in Sources */,
				27A0255B2919010C00E579FF /* UIImageView+Download.swift in Sources */,
				27A025092918E70D00E579FF /* DefaultDependencies.swift in Sources */,
				27A025062918E69A00E579FF /* Coordinator.swift in Sources */,
				27A025252918F02400E579FF /* DummyPhotoListEndpoint.swift in Sources */,
				27A025162918EBE300E579FF /* Endpoint.swift in Sources */,
				27A024D12918E52400E579FF /* ViewController.swift in Sources */,
				27A025492918FA0200E579FF /* ReusableView.swift in Sources */,
				27A024CD2918E52400E579FF /* AppDelegate.swift in Sources */,
				27A025552918FB1E00E579FF /* DummyPhotosListViewModel.swift in Sources */,
				27A0254B2918FA5B00E579FF /* UITableView+Reusable.swift in Sources */,
				27A0252A2918F06B00E579FF /* DummyPhotoDTO.swift in Sources */,
				27A0250B2918E72500E579FF /* DependenciesContext.swift in Sources */,
				27A0256029190E4800E579FF /* BaseCoordinator.swift in Sources */,
				27A025472918F9F900E579FF /* NibLoadableView.swift in Sources */,
				27A024CF2918E52400E579FF /* SceneDelegate.swift in Sources */,
				27A025182918EC0900E579FF /* NetworkError.swift in Sources */,
				27A025582918FF1200E579FF /* DummyPhotoListCell.swift in Sources */,
				27A0252D2918F23A00E579FF /* DummyPhotoRepository.swift in Sources */,
				27A0255E29190DC100E579FF /* DummyPhotosListCoordinator.swift in Sources */,
				27A0250D2918E78900E579FF /* DependenciesProtocol.swift in Sources */,
			);
			runOnlyForDeploymentPostprocessing = 0;
		};
		27A024DB2918E52500E579FF /* Sources */ = {
			isa = PBXSourcesBuildPhase;
			buildActionMask = 2147483647;
			files = (
				27A025312918F3B500E579FF /* TestDependencies.swift in Sources */,
				27A025342918F3CC00E579FF /* MockNetworkLayer.swift in Sources */,
				27A0253D2918F4C300E579FF /* DummyPhotoRepository.swift in Sources */,
			);
			runOnlyForDeploymentPostprocessing = 0;
		};
		27A024E52918E52500E579FF /* Sources */ = {
			isa = PBXSourcesBuildPhase;
			buildActionMask = 2147483647;
			files = (
				27A024F02918E52500E579FF /* PhotoAppUITestsLaunchTests.swift in Sources */,
				27A024EE2918E52500E579FF /* PhotoAppUITests.swift in Sources */,
			);
			runOnlyForDeploymentPostprocessing = 0;
		};
/* End PBXSourcesBuildPhase section */

/* Begin PBXTargetDependency section */
		27A024E12918E52500E579FF /* PBXTargetDependency */ = {
			isa = PBXTargetDependency;
			target = 27A024C82918E52400E579FF /* PhotoApp */;
			targetProxy = 27A024E02918E52500E579FF /* PBXContainerItemProxy */;
		};
		27A024EB2918E52500E579FF /* PBXTargetDependency */ = {
			isa = PBXTargetDependency;
			target = 27A024C82918E52400E579FF /* PhotoApp */;
			targetProxy = 27A024EA2918E52500E579FF /* PBXContainerItemProxy */;
		};
/* End PBXTargetDependency section */

/* Begin PBXVariantGroup section */
		27A024D22918E52400E579FF /* Main.storyboard */ = {
			isa = PBXVariantGroup;
			children = (
				27A024D32918E52400E579FF /* Base */,
			);
			name = Main.storyboard;
			sourceTree = "<group>";
		};
		27A024D72918E52500E579FF /* LaunchScreen.storyboard */ = {
			isa = PBXVariantGroup;
			children = (
				27A024D82918E52500E579FF /* Base */,
			);
			name = LaunchScreen.storyboard;
			sourceTree = "<group>";
		};
/* End PBXVariantGroup section */

/* Begin XCBuildConfiguration section */
		27A024F12918E52500E579FF /* Debug */ = {
			isa = XCBuildConfiguration;
			buildSettings = {
				ALWAYS_SEARCH_USER_PATHS = NO;
				CLANG_ANALYZER_NONNULL = YES;
				CLANG_ANALYZER_NUMBER_OBJECT_CONVERSION = YES_AGGRESSIVE;
				CLANG_CXX_LANGUAGE_STANDARD = "gnu++17";
				CLANG_ENABLE_MODULES = YES;
				CLANG_ENABLE_OBJC_ARC = YES;
				CLANG_ENABLE_OBJC_WEAK = YES;
				CLANG_WARN_BLOCK_CAPTURE_AUTORELEASING = YES;
				CLANG_WARN_BOOL_CONVERSION = YES;
				CLANG_WARN_COMMA = YES;
				CLANG_WARN_CONSTANT_CONVERSION = YES;
				CLANG_WARN_DEPRECATED_OBJC_IMPLEMENTATIONS = YES;
				CLANG_WARN_DIRECT_OBJC_ISA_USAGE = YES_ERROR;
				CLANG_WARN_DOCUMENTATION_COMMENTS = YES;
				CLANG_WARN_EMPTY_BODY = YES;
				CLANG_WARN_ENUM_CONVERSION = YES;
				CLANG_WARN_INFINITE_RECURSION = YES;
				CLANG_WARN_INT_CONVERSION = YES;
				CLANG_WARN_NON_LITERAL_NULL_CONVERSION = YES;
				CLANG_WARN_OBJC_IMPLICIT_RETAIN_SELF = YES;
				CLANG_WARN_OBJC_LITERAL_CONVERSION = YES;
				CLANG_WARN_OBJC_ROOT_CLASS = YES_ERROR;
				CLANG_WARN_QUOTED_INCLUDE_IN_FRAMEWORK_HEADER = YES;
				CLANG_WARN_RANGE_LOOP_ANALYSIS = YES;
				CLANG_WARN_STRICT_PROTOTYPES = YES;
				CLANG_WARN_SUSPICIOUS_MOVE = YES;
				CLANG_WARN_UNGUARDED_AVAILABILITY = YES_AGGRESSIVE;
				CLANG_WARN_UNREACHABLE_CODE = YES;
				CLANG_WARN__DUPLICATE_METHOD_MATCH = YES;
				COPY_PHASE_STRIP = NO;
				DEBUG_INFORMATION_FORMAT = dwarf;
				ENABLE_STRICT_OBJC_MSGSEND = YES;
				ENABLE_TESTABILITY = YES;
				GCC_C_LANGUAGE_STANDARD = gnu11;
				GCC_DYNAMIC_NO_PIC = NO;
				GCC_NO_COMMON_BLOCKS = YES;
				GCC_OPTIMIZATION_LEVEL = 0;
				GCC_PREPROCESSOR_DEFINITIONS = (
					"DEBUG=1",
					"$(inherited)",
				);
				GCC_WARN_64_TO_32_BIT_CONVERSION = YES;
				GCC_WARN_ABOUT_RETURN_TYPE = YES_ERROR;
				GCC_WARN_UNDECLARED_SELECTOR = YES;
				GCC_WARN_UNINITIALIZED_AUTOS = YES_AGGRESSIVE;
				GCC_WARN_UNUSED_FUNCTION = YES;
				GCC_WARN_UNUSED_VARIABLE = YES;
				IPHONEOS_DEPLOYMENT_TARGET = 15.4;
				MTL_ENABLE_DEBUG_INFO = INCLUDE_SOURCE;
				MTL_FAST_MATH = YES;
				ONLY_ACTIVE_ARCH = YES;
				SDKROOT = iphoneos;
				SWIFT_ACTIVE_COMPILATION_CONDITIONS = DEBUG;
				SWIFT_OPTIMIZATION_LEVEL = "-Onone";
			};
			name = Debug;
		};
		27A024F22918E52500E579FF /* Release */ = {
			isa = XCBuildConfiguration;
			buildSettings = {
				ALWAYS_SEARCH_USER_PATHS = NO;
				CLANG_ANALYZER_NONNULL = YES;
				CLANG_ANALYZER_NUMBER_OBJECT_CONVERSION = YES_AGGRESSIVE;
				CLANG_CXX_LANGUAGE_STANDARD = "gnu++17";
				CLANG_ENABLE_MODULES = YES;
				CLANG_ENABLE_OBJC_ARC = YES;
				CLANG_ENABLE_OBJC_WEAK = YES;
				CLANG_WARN_BLOCK_CAPTURE_AUTORELEASING = YES;
				CLANG_WARN_BOOL_CONVERSION = YES;
				CLANG_WARN_COMMA = YES;
				CLANG_WARN_CONSTANT_CONVERSION = YES;
				CLANG_WARN_DEPRECATED_OBJC_IMPLEMENTATIONS = YES;
				CLANG_WARN_DIRECT_OBJC_ISA_USAGE = YES_ERROR;
				CLANG_WARN_DOCUMENTATION_COMMENTS = YES;
				CLANG_WARN_EMPTY_BODY = YES;
				CLANG_WARN_ENUM_CONVERSION = YES;
				CLANG_WARN_INFINITE_RECURSION = YES;
				CLANG_WARN_INT_CONVERSION = YES;
				CLANG_WARN_NON_LITERAL_NULL_CONVERSION = YES;
				CLANG_WARN_OBJC_IMPLICIT_RETAIN_SELF = YES;
				CLANG_WARN_OBJC_LITERAL_CONVERSION = YES;
				CLANG_WARN_OBJC_ROOT_CLASS = YES_ERROR;
				CLANG_WARN_QUOTED_INCLUDE_IN_FRAMEWORK_HEADER = YES;
				CLANG_WARN_RANGE_LOOP_ANALYSIS = YES;
				CLANG_WARN_STRICT_PROTOTYPES = YES;
				CLANG_WARN_SUSPICIOUS_MOVE = YES;
				CLANG_WARN_UNGUARDED_AVAILABILITY = YES_AGGRESSIVE;
				CLANG_WARN_UNREACHABLE_CODE = YES;
				CLANG_WARN__DUPLICATE_METHOD_MATCH = YES;
				COPY_PHASE_STRIP = NO;
				DEBUG_INFORMATION_FORMAT = "dwarf-with-dsym";
				ENABLE_NS_ASSERTIONS = NO;
				ENABLE_STRICT_OBJC_MSGSEND = YES;
				GCC_C_LANGUAGE_STANDARD = gnu11;
				GCC_NO_COMMON_BLOCKS = YES;
				GCC_WARN_64_TO_32_BIT_CONVERSION = YES;
				GCC_WARN_ABOUT_RETURN_TYPE = YES_ERROR;
				GCC_WARN_UNDECLARED_SELECTOR = YES;
				GCC_WARN_UNINITIALIZED_AUTOS = YES_AGGRESSIVE;
				GCC_WARN_UNUSED_FUNCTION = YES;
				GCC_WARN_UNUSED_VARIABLE = YES;
				IPHONEOS_DEPLOYMENT_TARGET = 15.4;
				MTL_ENABLE_DEBUG_INFO = NO;
				MTL_FAST_MATH = YES;
				SDKROOT = iphoneos;
				SWIFT_COMPILATION_MODE = wholemodule;
				SWIFT_OPTIMIZATION_LEVEL = "-O";
				VALIDATE_PRODUCT = YES;
			};
			name = Release;
		};
		27A024F42918E52500E579FF /* Debug */ = {
			isa = XCBuildConfiguration;
			buildSettings = {
				ASSETCATALOG_COMPILER_APPICON_NAME = AppIcon;
				ASSETCATALOG_COMPILER_GLOBAL_ACCENT_COLOR_NAME = AccentColor;
				CODE_SIGN_STYLE = Automatic;
				CURRENT_PROJECT_VERSION = 1;
				GENERATE_INFOPLIST_FILE = YES;
				INFOPLIST_FILE = PhotoApp/Resources/Info.plist;
				INFOPLIST_KEY_UIApplicationSupportsIndirectInputEvents = YES;
				INFOPLIST_KEY_UILaunchStoryboardName = LaunchScreen;
				INFOPLIST_KEY_UIMainStoryboardFile = Main;
				INFOPLIST_KEY_UISupportedInterfaceOrientations_iPad = "UIInterfaceOrientationPortrait UIInterfaceOrientationPortraitUpsideDown UIInterfaceOrientationLandscapeLeft UIInterfaceOrientationLandscapeRight";
				INFOPLIST_KEY_UISupportedInterfaceOrientations_iPhone = "UIInterfaceOrientationPortrait UIInterfaceOrientationLandscapeLeft UIInterfaceOrientationLandscapeRight";
				LD_RUNPATH_SEARCH_PATHS = (
					"$(inherited)",
					"@executable_path/Frameworks",
				);
				MARKETING_VERSION = 1.0;
				PRODUCT_BUNDLE_IDENTIFIER = co.raza.PhotoApp;
				PRODUCT_NAME = "$(TARGET_NAME)";
				SWIFT_EMIT_LOC_STRINGS = YES;
				SWIFT_VERSION = 5.0;
				TARGETED_DEVICE_FAMILY = "1,2";
			};
			name = Debug;
		};
		27A024F52918E52500E579FF /* Release */ = {
			isa = XCBuildConfiguration;
			buildSettings = {
				ASSETCATALOG_COMPILER_APPICON_NAME = AppIcon;
				ASSETCATALOG_COMPILER_GLOBAL_ACCENT_COLOR_NAME = AccentColor;
				CODE_SIGN_STYLE = Automatic;
				CURRENT_PROJECT_VERSION = 1;
				GENERATE_INFOPLIST_FILE = YES;
				INFOPLIST_FILE = PhotoApp/Resources/Info.plist;
				INFOPLIST_KEY_UIApplicationSupportsIndirectInputEvents = YES;
				INFOPLIST_KEY_UILaunchStoryboardName = LaunchScreen;
				INFOPLIST_KEY_UIMainStoryboardFile = Main;
				INFOPLIST_KEY_UISupportedInterfaceOrientations_iPad = "UIInterfaceOrientationPortrait UIInterfaceOrientationPortraitUpsideDown UIInterfaceOrientationLandscapeLeft UIInterfaceOrientationLandscapeRight";
				INFOPLIST_KEY_UISupportedInterfaceOrientations_iPhone = "UIInterfaceOrientationPortrait UIInterfaceOrientationLandscapeLeft UIInterfaceOrientationLandscapeRight";
				LD_RUNPATH_SEARCH_PATHS = (
					"$(inherited)",
					"@executable_path/Frameworks",
				);
				MARKETING_VERSION = 1.0;
				PRODUCT_BUNDLE_IDENTIFIER = co.raza.PhotoApp;
				PRODUCT_NAME = "$(TARGET_NAME)";
				SWIFT_EMIT_LOC_STRINGS = YES;
				SWIFT_VERSION = 5.0;
				TARGETED_DEVICE_FAMILY = "1,2";
			};
			name = Release;
		};
		27A024F72918E52500E579FF /* Debug */ = {
			isa = XCBuildConfiguration;
			buildSettings = {
				ALWAYS_EMBED_SWIFT_STANDARD_LIBRARIES = YES;
				BUNDLE_LOADER = "$(TEST_HOST)";
				CODE_SIGN_STYLE = Automatic;
				CURRENT_PROJECT_VERSION = 1;
				GENERATE_INFOPLIST_FILE = YES;
				IPHONEOS_DEPLOYMENT_TARGET = 15.4;
				MARKETING_VERSION = 1.0;
				PRODUCT_BUNDLE_IDENTIFIER = co.raza.PhotoAppTests;
				PRODUCT_NAME = "$(TARGET_NAME)";
				SWIFT_EMIT_LOC_STRINGS = NO;
				SWIFT_VERSION = 5.0;
				TARGETED_DEVICE_FAMILY = "1,2";
				TEST_HOST = "$(BUILT_PRODUCTS_DIR)/PhotoApp.app/PhotoApp";
			};
			name = Debug;
		};
		27A024F82918E52500E579FF /* Release */ = {
			isa = XCBuildConfiguration;
			buildSettings = {
				ALWAYS_EMBED_SWIFT_STANDARD_LIBRARIES = YES;
				BUNDLE_LOADER = "$(TEST_HOST)";
				CODE_SIGN_STYLE = Automatic;
				CURRENT_PROJECT_VERSION = 1;
				GENERATE_INFOPLIST_FILE = YES;
				IPHONEOS_DEPLOYMENT_TARGET = 15.4;
				MARKETING_VERSION = 1.0;
				PRODUCT_BUNDLE_IDENTIFIER = co.raza.PhotoAppTests;
				PRODUCT_NAME = "$(TARGET_NAME)";
				SWIFT_EMIT_LOC_STRINGS = NO;
				SWIFT_VERSION = 5.0;
				TARGETED_DEVICE_FAMILY = "1,2";
				TEST_HOST = "$(BUILT_PRODUCTS_DIR)/PhotoApp.app/PhotoApp";
			};
			name = Release;
		};
		27A024FA2918E52500E579FF /* Debug */ = {
			isa = XCBuildConfiguration;
			buildSettings = {
				ALWAYS_EMBED_SWIFT_STANDARD_LIBRARIES = YES;
				CODE_SIGN_STYLE = Automatic;
				CURRENT_PROJECT_VERSION = 1;
				GENERATE_INFOPLIST_FILE = YES;
				MARKETING_VERSION = 1.0;
				PRODUCT_BUNDLE_IDENTIFIER = co.raza.PhotoAppUITests;
				PRODUCT_NAME = "$(TARGET_NAME)";
				SWIFT_EMIT_LOC_STRINGS = NO;
				SWIFT_VERSION = 5.0;
				TARGETED_DEVICE_FAMILY = "1,2";
				TEST_TARGET_NAME = PhotoApp;
			};
			name = Debug;
		};
		27A024FB2918E52500E579FF /* Release */ = {
			isa = XCBuildConfiguration;
			buildSettings = {
				ALWAYS_EMBED_SWIFT_STANDARD_LIBRARIES = YES;
				CODE_SIGN_STYLE = Automatic;
				CURRENT_PROJECT_VERSION = 1;
				GENERATE_INFOPLIST_FILE = YES;
				MARKETING_VERSION = 1.0;
				PRODUCT_BUNDLE_IDENTIFIER = co.raza.PhotoAppUITests;
				PRODUCT_NAME = "$(TARGET_NAME)";
				SWIFT_EMIT_LOC_STRINGS = NO;
				SWIFT_VERSION = 5.0;
				TARGETED_DEVICE_FAMILY = "1,2";
				TEST_TARGET_NAME = PhotoApp;
			};
			name = Release;
		};
/* End XCBuildConfiguration section */

/* Begin XCConfigurationList section */
		27A024C42918E52400E579FF /* Build configuration list for PBXProject "PhotoApp" */ = {
			isa = XCConfigurationList;
			buildConfigurations = (
				27A024F12918E52500E579FF /* Debug */,
				27A024F22918E52500E579FF /* Release */,
			);
			defaultConfigurationIsVisible = 0;
			defaultConfigurationName = Release;
		};
		27A024F32918E52500E579FF /* Build configuration list for PBXNativeTarget "PhotoApp" */ = {
			isa = XCConfigurationList;
			buildConfigurations = (
				27A024F42918E52500E579FF /* Debug */,
				27A024F52918E52500E579FF /* Release */,
			);
			defaultConfigurationIsVisible = 0;
			defaultConfigurationName = Release;
		};
		27A024F62918E52500E579FF /* Build configuration list for PBXNativeTarget "PhotoAppTests" */ = {
			isa = XCConfigurationList;
			buildConfigurations = (
				27A024F72918E52500E579FF /* Debug */,
				27A024F82918E52500E579FF /* Release */,
			);
			defaultConfigurationIsVisible = 0;
			defaultConfigurationName = Release;
		};
		27A024F92918E52500E579FF /* Build configuration list for PBXNativeTarget "PhotoAppUITests" */ = {
			isa = XCConfigurationList;
			buildConfigurations = (
				27A024FA2918E52500E579FF /* Debug */,
				27A024FB2918E52500E579FF /* Release */,
			);
			defaultConfigurationIsVisible = 0;
			defaultConfigurationName = Release;
		};
/* End XCConfigurationList section */
	};
	rootObject = 27A024C12918E52400E579FF /* Project object */;
}
